// !$*UTF8*$!
{
	archiveVersion = 1;
	classes = {
	};
	objectVersion = 56;
	objects = {

/* Begin PBXBuildFile section */
		A4F5BD5B2AB26CAF00957561 /* PlayWithAlphaNumVCViewController.swift in Sources */ = {isa = PBXBuildFile; fileRef = A4F5BD5A2AB26CAF00957561 /* PlayWithAlphaNumVCViewController.swift */; };
		EBD016602AAF7A1F00EAC555 /* AppDelegate.swift in Sources */ = {isa = PBXBuildFile; fileRef = EBD0165F2AAF7A1F00EAC555 /* AppDelegate.swift */; };
		EBD016622AAF7A1F00EAC555 /* SceneDelegate.swift in Sources */ = {isa = PBXBuildFile; fileRef = EBD016612AAF7A1F00EAC555 /* SceneDelegate.swift */; };
		EBD016642AAF7A1F00EAC555 /* ViewController.swift in Sources */ = {isa = PBXBuildFile; fileRef = EBD016632AAF7A1F00EAC555 /* ViewController.swift */; };
		EBD016672AAF7A1F00EAC555 /* Main.storyboard in Resources */ = {isa = PBXBuildFile; fileRef = EBD016652AAF7A1F00EAC555 /* Main.storyboard */; };
		EBD016692AAF7A2000EAC555 /* Assets.xcassets in Resources */ = {isa = PBXBuildFile; fileRef = EBD016682AAF7A2000EAC555 /* Assets.xcassets */; };
		EBD0166C2AAF7A2000EAC555 /* LaunchScreen.storyboard in Resources */ = {isa = PBXBuildFile; fileRef = EBD0166A2AAF7A2000EAC555 /* LaunchScreen.storyboard */; };
/* End PBXBuildFile section */

/* Begin PBXFileReference section */
		A4F5BD5A2AB26CAF00957561 /* PlayWithAlphaNumVCViewController.swift */ = {isa = PBXFileReference; lastKnownFileType = sourcecode.swift; path = PlayWithAlphaNumVCViewController.swift; sourceTree = "<group>"; };
		EBD0165C2AAF7A1F00EAC555 /* PlayWithAlphaNumericsApp.app */ = {isa = PBXFileReference; explicitFileType = wrapper.application; includeInIndex = 0; path = PlayWithAlphaNumericsApp.app; sourceTree = BUILT_PRODUCTS_DIR; };
		EBD0165F2AAF7A1F00EAC555 /* AppDelegate.swift */ = {isa = PBXFileReference; lastKnownFileType = sourcecode.swift; path = AppDelegate.swift; sourceTree = "<group>"; };
		EBD016612AAF7A1F00EAC555 /* SceneDelegate.swift */ = {isa = PBXFileReference; lastKnownFileType = sourcecode.swift; path = SceneDelegate.swift; sourceTree = "<group>"; };
		EBD016632AAF7A1F00EAC555 /* ViewController.swift */ = {isa = PBXFileReference; lastKnownFileType = sourcecode.swift; path = ViewController.swift; sourceTree = "<group>"; };
		EBD016662AAF7A1F00EAC555 /* Base */ = {isa = PBXFileReference; lastKnownFileType = file.storyboard; name = Base; path = Base.lproj/Main.storyboard; sourceTree = "<group>"; };
		EBD016682AAF7A2000EAC555 /* Assets.xcassets */ = {isa = PBXFileReference; lastKnownFileType = folder.assetcatalog; path = Assets.xcassets; sourceTree = "<group>"; };
		EBD0166B2AAF7A2000EAC555 /* Base */ = {isa = PBXFileReference; lastKnownFileType = file.storyboard; name = Base; path = Base.lproj/LaunchScreen.storyboard; sourceTree = "<group>"; };
		EBD0166D2AAF7A2000EAC555 /* Info.plist */ = {isa = PBXFileReference; lastKnownFileType = text.plist.xml; path = Info.plist; sourceTree = "<group>"; };
/* End PBXFileReference section */

/* Begin PBXFrameworksBuildPhase section */
		EBD016592AAF7A1F00EAC555 /* Frameworks */ = {
			isa = PBXFrameworksBuildPhase;
			buildActionMask = 2147483647;
			files = (
			);
			runOnlyForDeploymentPostprocessing = 0;
		};
/* End PBXFrameworksBuildPhase section */

/* Begin PBXGroup section */
		EBD016532AAF7A1F00EAC555 = {
			isa = PBXGroup;
			children = (
				EBD0165E2AAF7A1F00EAC555 /* PlayWithAlphaNumericsApp */,
				EBD0165D2AAF7A1F00EAC555 /* Products */,
			);
			sourceTree = "<group>";
		};
		EBD0165D2AAF7A1F00EAC555 /* Products */ = {
			isa = PBXGroup;
			children = (
				EBD0165C2AAF7A1F00EAC555 /* PlayWithAlphaNumericsApp.app */,
			);
			name = Products;
			sourceTree = "<group>";
		};
		EBD0165E2AAF7A1F00EAC555 /* PlayWithAlphaNumericsApp */ = {
			isa = PBXGroup;
			children = (
				EBD0165F2AAF7A1F00EAC555 /* AppDelegate.swift */,
				EBD016612AAF7A1F00EAC555 /* SceneDelegate.swift */,
				EBD016632AAF7A1F00EAC555 /* ViewController.swift */,
				EBD016652AAF7A1F00EAC555 /* Main.storyboard */,
				A4F5BD5A2AB26CAF00957561 /* PlayWithAlphaNumVCViewController.swift */,
				EBD016682AAF7A2000EAC555 /* Assets.xcassets */,
				EBD0166A2AAF7A2000EAC555 /* LaunchScreen.storyboard */,
				EBD0166D2AAF7A2000EAC555 /* Info.plist */,
			);
			path = PlayWithAlphaNumericsApp;
			sourceTree = "<group>";
		};
/* End PBXGroup section */

/* Begin PBXNativeTarget section */
		EBD0165B2AAF7A1F00EAC555 /* PlayWithAlphaNumericsApp */ = {
			isa = PBXNativeTarget;
			buildConfigurationList = EBD016702AAF7A2000EAC555 /* Build configuration list for PBXNativeTarget "PlayWithAlphaNumericsApp" */;
			buildPhases = (
				EBD016582AAF7A1F00EAC555 /* Sources */,
				EBD016592AAF7A1F00EAC555 /* Frameworks */,
				EBD0165A2AAF7A1F00EAC555 /* Resources */,
			);
			buildRules = (
			);
			dependencies = (
			);
			name = PlayWithAlphaNumericsApp;
			productName = PlayWithAlphaNumericsApp;
			productReference = EBD0165C2AAF7A1F00EAC555 /* PlayWithAlphaNumericsApp.app */;
			productType = "com.apple.product-type.application";
		};
/* End PBXNativeTarget section */

/* Begin PBXProject section */
		EBD016542AAF7A1F00EAC555 /* Project object */ = {
			isa = PBXProject;
			attributes = {
				BuildIndependentTargetsInParallel = 1;
				LastSwiftUpdateCheck = 1430;
				LastUpgradeCheck = 1430;
				TargetAttributes = {
					EBD0165B2AAF7A1F00EAC555 = {
						CreatedOnToolsVersion = 14.3.1;
					};
				};
			};
			buildConfigurationList = EBD016572AAF7A1F00EAC555 /* Build configuration list for PBXProject "PlayWithAlphaNumericsApp" */;
			compatibilityVersion = "Xcode 14.0";
			developmentRegion = en;
			hasScannedForEncodings = 0;
			knownRegions = (
				en,
				Base,
			);
			mainGroup = EBD016532AAF7A1F00EAC555;
			productRefGroup = EBD0165D2AAF7A1F00EAC555 /* Products */;
			projectDirPath = "";
			projectRoot = "";
			targets = (
				EBD0165B2AAF7A1F00EAC555 /* PlayWithAlphaNumericsApp */,
			);
		};
/* End PBXProject section */

/* Begin PBXResourcesBuildPhase section */
		EBD0165A2AAF7A1F00EAC555 /* Resources */ = {
			isa = PBXResourcesBuildPhase;
			buildActionMask = 2147483647;
			files = (
				EBD0166C2AAF7A2000EAC555 /* LaunchScreen.storyboard in Resources */,
				EBD016692AAF7A2000EAC555 /* Assets.xcassets in Resources */,
				EBD016672AAF7A1F00EAC555 /* Main.storyboard in Resources */,
			);
			runOnlyForDeploymentPostprocessing = 0;
		};
/* End PBXResourcesBuildPhase section */

/* Begin PBXSourcesBuildPhase section */
		EBD016582AAF7A1F00EAC555 /* Sources */ = {
			isa = PBXSourcesBuildPhase;
			buildActionMask = 2147483647;
			files = (
				EBD016642AAF7A1F00EAC555 /* ViewController.swift in Sources */,
				A4F5BD5B2AB26CAF00957561 /* PlayWithAlphaNumVCViewController.swift in Sources */,
				EBD016602AAF7A1F00EAC555 /* AppDelegate.swift in Sources */,
				EBD016622AAF7A1F00EAC555 /* SceneDelegate.swift in Sources */,
			);
			runOnlyForDeploymentPostprocessing = 0;
		};
/* End PBXSourcesBuildPhase section */

/* Begin PBXVariantGroup section */
		EBD016652AAF7A1F00EAC555 /* Main.storyboard */ = {
			isa = PBXVariantGroup;
			children = (
				EBD016662AAF7A1F00EAC555 /* Base */,
			);
			name = Main.storyboard;
			sourceTree = "<group>";
		};
		EBD0166A2AAF7A2000EAC555 /* LaunchScreen.storyboard */ = {
			isa = PBXVariantGroup;
			children = (
				EBD0166B2AAF7A2000EAC555 /* Base */,
			);
			name = LaunchScreen.storyboard;
			sourceTree = "<group>";
		};
/* End PBXVariantGroup section */

/* Begin XCBuildConfiguration section */
		EBD0166E2AAF7A2000EAC555 /* Debug */ = {
			isa = XCBuildConfiguration;
			buildSettings = {
				ALWAYS_SEARCH_USER_PATHS = NO;
				CLANG_ANALYZER_NONNULL = YES;
				CLANG_ANALYZER_NUMBER_OBJECT_CONVERSION = YES_AGGRESSIVE;
				CLANG_CXX_LANGUAGE_STANDARD = "gnu++20";
				CLANG_ENABLE_MODULES = YES;
				CLANG_ENABLE_OBJC_ARC = YES;
				CLANG_ENABLE_OBJC_WEAK = YES;
				CLANG_WARN_BLOCK_CAPTURE_AUTORELEASING = YES;
				CLANG_WARN_BOOL_CONVERSION = YES;
				CLANG_WARN_COMMA = YES;
				CLANG_WARN_CONSTANT_CONVERSION = YES;
				CLANG_WARN_DEPRECATED_OBJC_IMPLEMENTATIONS = YES;
				CLANG_WARN_DIRECT_OBJC_ISA_USAGE = YES_ERROR;
				CLANG_WARN_DOCUMENTATION_COMMENTS = YES;
				CLANG_WARN_EMPTY_BODY = YES;
				CLANG_WARN_ENUM_CONVERSION = YES;
				CLANG_WARN_INFINITE_RECURSION = YES;
				CLANG_WARN_INT_CONVERSION = YES;
				CLANG_WARN_NON_LITERAL_NULL_CONVERSION = YES;
				CLANG_WARN_OBJC_IMPLICIT_RETAIN_SELF = YES;
				CLANG_WARN_OBJC_LITERAL_CONVERSION = YES;
				CLANG_WARN_OBJC_ROOT_CLASS = YES_ERROR;
				CLANG_WARN_QUOTED_INCLUDE_IN_FRAMEWORK_HEADER = YES;
				CLANG_WARN_RANGE_LOOP_ANALYSIS = YES;
				CLANG_WARN_STRICT_PROTOTYPES = YES;
				CLANG_WARN_SUSPICIOUS_MOVE = YES;
				CLANG_WARN_UNGUARDED_AVAILABILITY = YES_AGGRESSIVE;
				CLANG_WARN_UNREACHABLE_CODE = YES;
				CLANG_WARN__DUPLICATE_METHOD_MATCH = YES;
				COPY_PHASE_STRIP = NO;
				DEBUG_INFORMATION_FORMAT = dwarf;
				ENABLE_STRICT_OBJC_MSGSEND = YES;
				ENABLE_TESTABILITY = YES;
				GCC_C_LANGUAGE_STANDARD = gnu11;
				GCC_DYNAMIC_NO_PIC = NO;
				GCC_NO_COMMON_BLOCKS = YES;
				GCC_OPTIMIZATION_LEVEL = 0;
				GCC_PREPROCESSOR_DEFINITIONS = (
					"DEBUG=1",
					"$(inherited)",
				);
				GCC_WARN_64_TO_32_BIT_CONVERSION = YES;
				GCC_WARN_ABOUT_RETURN_TYPE = YES_ERROR;
				GCC_WARN_UNDECLARED_SELECTOR = YES;
				GCC_WARN_UNINITIALIZED_AUTOS = YES_AGGRESSIVE;
				GCC_WARN_UNUSED_FUNCTION = YES;
				GCC_WARN_UNUSED_VARIABLE = YES;
				IPHONEOS_DEPLOYMENT_TARGET = 16.4;
				MTL_ENABLE_DEBUG_INFO = INCLUDE_SOURCE;
				MTL_FAST_MATH = YES;
				ONLY_ACTIVE_ARCH = YES;
				SDKROOT = iphoneos;
				SWIFT_ACTIVE_COMPILATION_CONDITIONS = DEBUG;
				SWIFT_OPTIMIZATION_LEVEL = "-Onone";
			};
			name = Debug;
		};
		EBD0166F2AAF7A2000EAC555 /* Release */ = {
			isa = XCBuildConfiguration;
			buildSettings = {
				ALWAYS_SEARCH_USER_PATHS = NO;
				CLANG_ANALYZER_NONNULL = YES;
				CLANG_ANALYZER_NUMBER_OBJECT_CONVERSION = YES_AGGRESSIVE;
				CLANG_CXX_LANGUAGE_STANDARD = "gnu++20";
				CLANG_ENABLE_MODULES = YES;
				CLANG_ENABLE_OBJC_ARC = YES;
				CLANG_ENABLE_OBJC_WEAK = YES;
				CLANG_WARN_BLOCK_CAPTURE_AUTORELEASING = YES;
				CLANG_WARN_BOOL_CONVERSION = YES;
				CLANG_WARN_COMMA = YES;
				CLANG_WARN_CONSTANT_CONVERSION = YES;
				CLANG_WARN_DEPRECATED_OBJC_IMPLEMENTATIONS = YES;
				CLANG_WARN_DIRECT_OBJC_ISA_USAGE = YES_ERROR;
				CLANG_WARN_DOCUMENTATION_COMMENTS = YES;
				CLANG_WARN_EMPTY_BODY = YES;
				CLANG_WARN_ENUM_CONVERSION = YES;
				CLANG_WARN_INFINITE_RECURSION = YES;
				CLANG_WARN_INT_CONVERSION = YES;
				CLANG_WARN_NON_LITERAL_NULL_CONVERSION = YES;
				CLANG_WARN_OBJC_IMPLICIT_RETAIN_SELF = YES;
				CLANG_WARN_OBJC_LITERAL_CONVERSION = YES;
				CLANG_WARN_OBJC_ROOT_CLASS = YES_ERROR;
				CLANG_WARN_QUOTED_INCLUDE_IN_FRAMEWORK_HEADER = YES;
				CLANG_WARN_RANGE_LOOP_ANALYSIS = YES;
				CLANG_WARN_STRICT_PROTOTYPES = YES;
				CLANG_WARN_SUSPICIOUS_MOVE = YES;
				CLANG_WARN_UNGUARDED_AVAILABILITY = YES_AGGRESSIVE;
				CLANG_WARN_UNREACHABLE_CODE = YES;
				CLANG_WARN__DUPLICATE_METHOD_MATCH = YES;
				COPY_PHASE_STRIP = NO;
				DEBUG_INFORMATION_FORMAT = "dwarf-with-dsym";
				ENABLE_NS_ASSERTIONS = NO;
				ENABLE_STRICT_OBJC_MSGSEND = YES;
				GCC_C_LANGUAGE_STANDARD = gnu11;
				GCC_NO_COMMON_BLOCKS = YES;
				GCC_WARN_64_TO_32_BIT_CONVERSION = YES;
				GCC_WARN_ABOUT_RETURN_TYPE = YES_ERROR;
				GCC_WARN_UNDECLARED_SELECTOR = YES;
				GCC_WARN_UNINITIALIZED_AUTOS = YES_AGGRESSIVE;
				GCC_WARN_UNUSED_FUNCTION = YES;
				GCC_WARN_UNUSED_VARIABLE = YES;
				IPHONEOS_DEPLOYMENT_TARGET = 16.4;
				MTL_ENABLE_DEBUG_INFO = NO;
				MTL_FAST_MATH = YES;
				SDKROOT = iphoneos;
				SWIFT_COMPILATION_MODE = wholemodule;
				SWIFT_OPTIMIZATION_LEVEL = "-O";
				VALIDATE_PRODUCT = YES;
			};
			name = Release;
		};
		EBD016712AAF7A2000EAC555 /* Debug */ = {
			isa = XCBuildConfiguration;
			buildSettings = {
				ASSETCATALOG_COMPILER_APPICON_NAME = AppIcon;
				ASSETCATALOG_COMPILER_GLOBAL_ACCENT_COLOR_NAME = AccentColor;
				CODE_SIGN_STYLE = Automatic;
				CURRENT_PROJECT_VERSION = 1;
				GENERATE_INFOPLIST_FILE = YES;
				INFOPLIST_FILE = PlayWithAlphaNumericsApp/Info.plist;
				INFOPLIST_KEY_UIApplicationSupportsIndirectInputEvents = YES;
				INFOPLIST_KEY_UILaunchStoryboardName = LaunchScreen;
				INFOPLIST_KEY_UIMainStoryboardFile = Main;
				INFOPLIST_KEY_UISupportedInterfaceOrientations_iPad = "UIInterfaceOrientationPortrait UIInterfaceOrientationPortraitUpsideDown UIInterfaceOrientationLandscapeLeft UIInterfaceOrientationLandscapeRight";
				INFOPLIST_KEY_UISupportedInterfaceOrientations_iPhone = "UIInterfaceOrientationPortrait UIInterfaceOrientationLandscapeLeft UIInterfaceOrientationLandscapeRight";
				LD_RUNPATH_SEARCH_PATHS = (
					"$(inherited)",
					"@executable_path/Frameworks",
				);
				MARKETING_VERSION = 1.0;
				PRODUCT_BUNDLE_IDENTIFIER = edu.northwest.PlayWithAlphaNumericsApp;
				PRODUCT_NAME = "$(TARGET_NAME)";
				SWIFT_EMIT_LOC_STRINGS = YES;
				SWIFT_VERSION = 5.0;
				TARGETED_DEVICE_FAMILY = "1,2";
			};
			name = Debug;
		};
		EBD016722AAF7A2000EAC555 /* Release */ = {
			isa = XCBuildConfiguration;
			buildSettings = {
				ASSETCATALOG_COMPILER_APPICON_NAME = AppIcon;
				ASSETCATALOG_COMPILER_GLOBAL_ACCENT_COLOR_NAME = AccentColor;
				CODE_SIGN_STYLE = Automatic;
				CURRENT_PROJECT_VERSION = 1;
				GENERATE_INFOPLIST_FILE = YES;
				INFOPLIST_FILE = PlayWithAlphaNumericsApp/Info.plist;
				INFOPLIST_KEY_UIApplicationSupportsIndirectInputEvents = YES;
				INFOPLIST_KEY_UILaunchStoryboardName = LaunchScreen;
				INFOPLIST_KEY_UIMainStoryboardFile = Main;
				INFOPLIST_KEY_UISupportedInterfaceOrientations_iPad = "UIInterfaceOrientationPortrait UIInterfaceOrientationPortraitUpsideDown UIInterfaceOrientationLandscapeLeft UIInterfaceOrientationLandscapeRight";
				INFOPLIST_KEY_UISupportedInterfaceOrientations_iPhone = "UIInterfaceOrientationPortrait UIInterfaceOrientationLandscapeLeft UIInterfaceOrientationLandscapeRight";
				LD_RUNPATH_SEARCH_PATHS = (
					"$(inherited)",
					"@executable_path/Frameworks",
				);
				MARKETING_VERSION = 1.0;
				PRODUCT_BUNDLE_IDENTIFIER = edu.northwest.PlayWithAlphaNumericsApp;
				PRODUCT_NAME = "$(TARGET_NAME)";
				SWIFT_EMIT_LOC_STRINGS = YES;
				SWIFT_VERSION = 5.0;
				TARGETED_DEVICE_FAMILY = "1,2";
			};
			name = Release;
		};
/* End XCBuildConfiguration section */

/* Begin XCConfigurationList section */
		EBD016572AAF7A1F00EAC555 /* Build configuration list for PBXProject "PlayWithAlphaNumericsApp" */ = {
			isa = XCConfigurationList;
			buildConfigurations = (
				EBD0166E2AAF7A2000EAC555 /* Debug */,
				EBD0166F2AAF7A2000EAC555 /* Release */,
			);
			defaultConfigurationIsVisible = 0;
			defaultConfigurationName = Release;
		};
		EBD016702AAF7A2000EAC555 /* Build configuration list for PBXNativeTarget "PlayWithAlphaNumericsApp" */ = {
			isa = XCConfigurationList;
			buildConfigurations = (
				EBD016712AAF7A2000EAC555 /* Debug */,
				EBD016722AAF7A2000EAC555 /* Release */,
			);
			defaultConfigurationIsVisible = 0;
			defaultConfigurationName = Release;
		};
/* End XCConfigurationList section */
	};
	rootObject = EBD016542AAF7A1F00EAC555 /* Project object */;
}
